
Microsoft Visual Studio Solution File, Format Version 12.00
# Visual Studio Version 17
VisualStudioVersion = 17.0.31903.59
MinimumVisualStudioVersion = 10.0.40219.1
Project("{2150E333-8FDC-42A3-9474-1A3956D46DE8}") = "src", "src", "{7A3CE545-9C4E-413D-B196-57C80849D79B}"
EndProject
Project("{FAE04EC0-301F-11D3-BF4B-00C04F79EFBC}") = "Biblioteca.Application", "src\Biblioteca.Application\Biblioteca.Application.csproj", "{5FAC4F9F-67A3-4E33-9F64-F6C3789736AB}"
EndProject
Project("{FAE04EC0-301F-11D3-BF4B-00C04F79EFBC}") = "Biblioteca.Domain", "src\Biblioteca.Domain\Biblioteca.Domain.csproj", "{B1004336-6743-4B31-A0FA-24B352224FB7}"
EndProject
Project("{FAE04EC0-301F-11D3-BF4B-00C04F79EFBC}") = "Biblioteca.Infraestructure", "src\Biblioteca.Infraestructure\Biblioteca.Infraestructure.csproj", "{BED7BB57-3717-4EAD-9F77-81D5C208681E}"
EndProject
Project("{FAE04EC0-301F-11D3-BF4B-00C04F79EFBC}") = "Biblioteca.HttpApi", "src\Biblioteca.HttpApi\Biblioteca.HttpApi.csproj", "{AC5E4C77-F0D7-43EA-8E6D-FAE0AF3AEF6E}"
EndProject
Global
	GlobalSection(SolutionConfigurationPlatforms) = preSolution
		Debug|Any CPU = Debug|Any CPU
		Release|Any CPU = Release|Any CPU
	EndGlobalSection
	GlobalSection(SolutionProperties) = preSolution
		HideSolutionNode = FALSE
	EndGlobalSection
	GlobalSection(ProjectConfigurationPlatforms) = postSolution
		{5FAC4F9F-67A3-4E33-9F64-F6C3789736AB}.Debug|Any CPU.ActiveCfg = Debug|Any CPU
		{5FAC4F9F-67A3-4E33-9F64-F6C3789736AB}.Debug|Any CPU.Build.0 = Debug|Any CPU
		{5FAC4F9F-67A3-4E33-9F64-F6C3789736AB}.Release|Any CPU.ActiveCfg = Release|Any CPU
		{5FAC4F9F-67A3-4E33-9F64-F6C3789736AB}.Release|Any CPU.Build.0 = Release|Any CPU
		{B1004336-6743-4B31-A0FA-24B352224FB7}.Debug|Any CPU.ActiveCfg = Debug|Any CPU
		{B1004336-6743-4B31-A0FA-24B352224FB7}.Debug|Any CPU.Build.0 = Debug|Any CPU
		{B1004336-6743-4B31-A0FA-24B352224FB7}.Release|Any CPU.ActiveCfg = Release|Any CPU
		{B1004336-6743-4B31-A0FA-24B352224FB7}.Release|Any CPU.Build.0 = Release|Any CPU
		{BED7BB57-3717-4EAD-9F77-81D5C208681E}.Debug|Any CPU.ActiveCfg = Debug|Any CPU
		{BED7BB57-3717-4EAD-9F77-81D5C208681E}.Debug|Any CPU.Build.0 = Debug|Any CPU
		{BED7BB57-3717-4EAD-9F77-81D5C208681E}.Release|Any CPU.ActiveCfg = Release|Any CPU
		{BED7BB57-3717-4EAD-9F77-81D5C208681E}.Release|Any CPU.Build.0 = Release|Any CPU
		{AC5E4C77-F0D7-43EA-8E6D-FAE0AF3AEF6E}.Debug|Any CPU.ActiveCfg = Debug|Any CPU
		{AC5E4C77-F0D7-43EA-8E6D-FAE0AF3AEF6E}.Debug|Any CPU.Build.0 = Debug|Any CPU
		{AC5E4C77-F0D7-43EA-8E6D-FAE0AF3AEF6E}.Release|Any CPU.ActiveCfg = Release|Any CPU
		{AC5E4C77-F0D7-43EA-8E6D-FAE0AF3AEF6E}.Release|Any CPU.Build.0 = Release|Any CPU
	EndGlobalSection
	GlobalSection(NestedProjects) = preSolution
		{5FAC4F9F-67A3-4E33-9F64-F6C3789736AB} = {7A3CE545-9C4E-413D-B196-57C80849D79B}
		{B1004336-6743-4B31-A0FA-24B352224FB7} = {7A3CE545-9C4E-413D-B196-57C80849D79B}
		{BED7BB57-3717-4EAD-9F77-81D5C208681E} = {7A3CE545-9C4E-413D-B196-57C80849D79B}
		{AC5E4C77-F0D7-43EA-8E6D-FAE0AF3AEF6E} = {7A3CE545-9C4E-413D-B196-57C80849D79B}
	EndGlobalSection
EndGlobal
